// !$*UTF8*$!
{
	archiveVersion = 1;
	classes = {
	};
	objectVersion = 56;
	objects = {

/* Begin PBXBuildFile section */
		A01 /* TimesLeftApp.swift in Sources */ = {isa = PBXBuildFile; fileRef = B01; };
		A02 /* ContentView.swift in Sources */ = {isa = PBXBuildFile; fileRef = B02; };
		A03 /* Assets.xcassets in Resources */ = {isa = PBXBuildFile; fileRef = B03; };
		A04 /* Person.swift in Sources */ = {isa = PBXBuildFile; fileRef = B04; };
		A05 /* TimeCalculator.swift in Sources */ = {isa = PBXBuildFile; fileRef = B05; };
		A06 /* PeopleListView.swift in Sources */ = {isa = PBXBuildFile; fileRef = B06; };
		A07 /* AddPersonView.swift in Sources */ = {isa = PBXBuildFile; fileRef = B07; };
		A08 /* PersonDetailView.swift in Sources */ = {isa = PBXBuildFile; fileRef = B08; };
		A10 /* GridVisualization.swift in Sources */ = {isa = PBXBuildFile; fileRef = B10; };
		A11 /* ProgressRing.swift in Sources */ = {isa = PBXBuildFile; fileRef = B11; };
		A12 /* DashboardView.swift in Sources */ = {isa = PBXBuildFile; fileRef = B12; };
		A13 /* StatsCardView.swift in Sources */ = {isa = PBXBuildFile; fileRef = B13; };
		A14 /* LifeExpectancy.swift in Sources */ = {isa = PBXBuildFile; fileRef = B14; };
		A15 /* CardStyle.swift in Sources */ = {isa = PBXBuildFile; fileRef = B15; };
		A16 /* UserProfile.swift in Sources */ = {isa = PBXBuildFile; fileRef = B16; };
		A17 /* OnboardingView.swift in Sources */ = {isa = PBXBuildFile; fileRef = B17; };
		A18 /* SettingsView.swift in Sources */ = {isa = PBXBuildFile; fileRef = B18; };
		A19 /* TimePortraitView.swift in Sources */ = {isa = PBXBuildFile; fileRef = B19; };
		A20 /* LifeCalendarView.swift in Sources */ = {isa = PBXBuildFile; fileRef = B20; };
/* End PBXBuildFile section */

/* Begin PBXFileReference section */
		C01 /* TimesLeft.app */ = {isa = PBXFileReference; explicitFileType = wrapper.application; includeInIndex = 0; path = TimesLeft.app; sourceTree = BUILT_PRODUCTS_DIR; };
		B01 /* TimesLeftApp.swift */ = {isa = PBXFileReference; lastKnownFileType = sourcecode.swift; path = TimesLeftApp.swift; sourceTree = "<group>"; };
		B02 /* ContentView.swift */ = {isa = PBXFileReference; lastKnownFileType = sourcecode.swift; path = ContentView.swift; sourceTree = "<group>"; };
		B03 /* Assets.xcassets */ = {isa = PBXFileReference; lastKnownFileType = folder.assetcatalog; path = Assets.xcassets; sourceTree = "<group>"; };
		B04 /* Person.swift */ = {isa = PBXFileReference; lastKnownFileType = sourcecode.swift; path = Person.swift; sourceTree = "<group>"; };
		B05 /* TimeCalculator.swift */ = {isa = PBXFileReference; lastKnownFileType = sourcecode.swift; path = TimeCalculator.swift; sourceTree = "<group>"; };
		B06 /* PeopleListView.swift */ = {isa = PBXFileReference; lastKnownFileType = sourcecode.swift; path = PeopleListView.swift; sourceTree = "<group>"; };
		B07 /* AddPersonView.swift */ = {isa = PBXFileReference; lastKnownFileType = sourcecode.swift; path = AddPersonView.swift; sourceTree = "<group>"; };
		B08 /* PersonDetailView.swift */ = {isa = PBXFileReference; lastKnownFileType = sourcecode.swift; path = PersonDetailView.swift; sourceTree = "<group>"; };
		B10 /* GridVisualization.swift */ = {isa = PBXFileReference; lastKnownFileType = sourcecode.swift; path = GridVisualization.swift; sourceTree = "<group>"; };
		B11 /* ProgressRing.swift */ = {isa = PBXFileReference; lastKnownFileType = sourcecode.swift; path = ProgressRing.swift; sourceTree = "<group>"; };
		B12 /* DashboardView.swift */ = {isa = PBXFileReference; lastKnownFileType = sourcecode.swift; path = DashboardView.swift; sourceTree = "<group>"; };
		B13 /* StatsCardView.swift */ = {isa = PBXFileReference; lastKnownFileType = sourcecode.swift; path = StatsCardView.swift; sourceTree = "<group>"; };
		B14 /* LifeExpectancy.swift */ = {isa = PBXFileReference; lastKnownFileType = sourcecode.swift; path = LifeExpectancy.swift; sourceTree = "<group>"; };
		B15 /* CardStyle.swift */ = {isa = PBXFileReference; lastKnownFileType = sourcecode.swift; path = CardStyle.swift; sourceTree = "<group>"; };
		B16 /* UserProfile.swift */ = {isa = PBXFileReference; lastKnownFileType = sourcecode.swift; path = UserProfile.swift; sourceTree = "<group>"; };
		B17 /* OnboardingView.swift */ = {isa = PBXFileReference; lastKnownFileType = sourcecode.swift; path = OnboardingView.swift; sourceTree = "<group>"; };
		B18 /* SettingsView.swift */ = {isa = PBXFileReference; lastKnownFileType = sourcecode.swift; path = SettingsView.swift; sourceTree = "<group>"; };
		B19 /* TimePortraitView.swift */ = {isa = PBXFileReference; lastKnownFileType = sourcecode.swift; path = TimePortraitView.swift; sourceTree = "<group>"; };
		B20 /* LifeCalendarView.swift */ = {isa = PBXFileReference; lastKnownFileType = sourcecode.swift; path = LifeCalendarView.swift; sourceTree = "<group>"; };
/* End PBXFileReference section */

/* Begin PBXFrameworksBuildPhase section */
		D01 /* Frameworks */ = {
			isa = PBXFrameworksBuildPhase;
			buildActionMask = 2147483647;
			files = (
			);
			runOnlyForDeploymentPostprocessing = 0;
		};
/* End PBXFrameworksBuildPhase section */

/* Begin PBXGroup section */
		E01 = {
			isa = PBXGroup;
			children = (
				E02 /* TimesLeft */,
				E03 /* Products */,
			);
			sourceTree = "<group>";
		};
		E02 /* TimesLeft */ = {
			isa = PBXGroup;
			children = (
				E04 /* App */,
				E05 /* Models */,
				E06 /* Views */,
				E07 /* Services */,
				B03 /* Assets.xcassets */,
			);
			path = TimesLeft;
			sourceTree = "<group>";
		};
		E03 /* Products */ = {
			isa = PBXGroup;
			children = (
				C01 /* TimesLeft.app */,
			);
			name = Products;
			sourceTree = "<group>";
		};
		E04 /* App */ = {
			isa = PBXGroup;
			children = (
				B01 /* TimesLeftApp.swift */,
				B02 /* ContentView.swift */,
			);
			path = App;
			sourceTree = "<group>";
		};
		E05 /* Models */ = {
			isa = PBXGroup;
			children = (
				B04 /* Person.swift */,
				B05 /* TimeCalculator.swift */,
				B14 /* LifeExpectancy.swift */,
				B16 /* UserProfile.swift */,
			);
			path = Models;
			sourceTree = "<group>";
		};
			E06 /* Views */ = {
			isa = PBXGroup;
			children = (
				E08 /* People */,
				E09 /* Dashboard */,
				E10 /* Components */,
				E11 /* Onboarding */,
				E12 /* Settings */,
				E13 /* LifeCalendar */,
			);
			path = Views;
			sourceTree = "<group>";
		};
		E11 /* Onboarding */ = {
			isa = PBXGroup;
			children = (
				B17 /* OnboardingView.swift */,
			);
			path = Onboarding;
			sourceTree = "<group>";
		};
		E12 /* Settings */ = {
			isa = PBXGroup;
			children = (
				B18 /* SettingsView.swift */,
			);
			path = Settings;
			sourceTree = "<group>";
		};
		E13 /* LifeCalendar */ = {
			isa = PBXGroup;
			children = (
				B20 /* LifeCalendarView.swift */,
			);
			path = LifeCalendar;
			sourceTree = "<group>";
		};
		E07 /* Services */ = {
			isa = PBXGroup;
			children = (
			);
			path = Services;
			sourceTree = "<group>";
		};
		E08 /* People */ = {
			isa = PBXGroup;
			children = (
				B06 /* PeopleListView.swift */,
				B07 /* AddPersonView.swift */,
				B08 /* PersonDetailView.swift */,
			);
			path = People;
			sourceTree = "<group>";
		};
		E09 /* Dashboard */ = {
			isa = PBXGroup;
			children = (
				B12 /* DashboardView.swift */,
				B13 /* StatsCardView.swift */,
			);
			path = Dashboard;
			sourceTree = "<group>";
		};
		E10 /* Components */ = {
			isa = PBXGroup;
			children = (
				B10 /* GridVisualization.swift */,
				B11 /* ProgressRing.swift */,
				B15 /* CardStyle.swift */,
				B19 /* TimePortraitView.swift */,
			);
			path = Components;
			sourceTree = "<group>";
		};
/* End PBXGroup section */

/* Begin PBXNativeTarget section */
		F01 /* TimesLeft */ = {
			isa = PBXNativeTarget;
			buildConfigurationList = G01;
			buildPhases = (
				F02 /* Sources */,
				D01 /* Frameworks */,
				F03 /* Resources */,
			);
			buildRules = (
			);
			dependencies = (
			);
			name = TimesLeft;
			productName = TimesLeft;
			productReference = C01 /* TimesLeft.app */;
			productType = "com.apple.product-type.application";
		};
/* End PBXNativeTarget section */

/* Begin PBXProject section */
		H01 /* Project object */ = {
			isa = PBXProject;
			attributes = {
				BuildIndependentTargetsInParallel = 1;
				LastSwiftUpdateCheck = 1500;
				LastUpgradeCheck = 1500;
				TargetAttributes = {
					F01 = {
						CreatedOnToolsVersion = 15.0;
					};
				};
			};
			buildConfigurationList = H02;
			compatibilityVersion = "Xcode 14.0";
			developmentRegion = en;
			hasScannedForEncodings = 0;
			knownRegions = (
				en,
				Base,
			);
			mainGroup = E01;
			productRefGroup = E03 /* Products */;
			projectDirPath = "";
			projectRoot = "";
			targets = (
				F01 /* TimesLeft */,
			);
		};
/* End PBXProject section */

/* Begin PBXResourcesBuildPhase section */
		F03 /* Resources */ = {
			isa = PBXResourcesBuildPhase;
			buildActionMask = 2147483647;
			files = (
				A03 /* Assets.xcassets in Resources */,
			);
			runOnlyForDeploymentPostprocessing = 0;
		};
/* End PBXResourcesBuildPhase section */

/* Begin PBXSourcesBuildPhase section */
		F02 /* Sources */ = {
			isa = PBXSourcesBuildPhase;
			buildActionMask = 2147483647;
			files = (
				A01 /* TimesLeftApp.swift in Sources */,
				A02 /* ContentView.swift in Sources */,
				A04 /* Person.swift in Sources */,
				A05 /* TimeCalculator.swift in Sources */,
				A06 /* PeopleListView.swift in Sources */,
				A07 /* AddPersonView.swift in Sources */,
				A08 /* PersonDetailView.swift in Sources */,
				A10 /* GridVisualization.swift in Sources */,
				A11 /* ProgressRing.swift in Sources */,
				A12 /* DashboardView.swift in Sources */,
				A13 /* StatsCardView.swift in Sources */,
				A14 /* LifeExpectancy.swift in Sources */,
				A15 /* CardStyle.swift in Sources */,
				A16 /* UserProfile.swift in Sources */,
				A17 /* OnboardingView.swift in Sources */,
				A18 /* SettingsView.swift in Sources */,
				A19 /* TimePortraitView.swift in Sources */,
				A20 /* LifeCalendarView.swift in Sources */,
			);
			runOnlyForDeploymentPostprocessing = 0;
		};
/* End PBXSourcesBuildPhase section */

/* Begin XCBuildConfiguration section */
		I01 /* Debug */ = {
			isa = XCBuildConfiguration;
			buildSettings = {
				ALWAYS_SEARCH_USER_PATHS = NO;
				ASSETCATALOG_COMPILER_GENERATE_SWIFT_ASSET_SYMBOL_EXTENSIONS = YES;
				CLANG_ANALYZER_NONNULL = YES;
				CLANG_ANALYZER_NUMBER_OBJECT_CONVERSION = YES_AGGRESSIVE;
				CLANG_CXX_LANGUAGE_STANDARD = "gnu++20";
				CLANG_ENABLE_MODULES = YES;
				CLANG_ENABLE_OBJC_ARC = YES;
				CLANG_ENABLE_OBJC_WEAK = YES;
				CLANG_WARN_BLOCK_CAPTURE_AUTORELEASING = YES;
				CLANG_WARN_BOOL_CONVERSION = YES;
				CLANG_WARN_COMMA = YES;
				CLANG_WARN_CONSTANT_CONVERSION = YES;
				CLANG_WARN_DEPRECATED_OBJC_IMPLEMENTATIONS = YES;
				CLANG_WARN_DIRECT_OBJC_ISA_USAGE = YES_ERROR;
				CLANG_WARN_DOCUMENTATION_COMMENTS = YES;
				CLANG_WARN_EMPTY_BODY = YES;
				CLANG_WARN_ENUM_CONVERSION = YES;
				CLANG_WARN_INFINITE_RECURSION = YES;
				CLANG_WARN_INT_CONVERSION = YES;
				CLANG_WARN_NON_LITERAL_NULL_CONVERSION = YES;
				CLANG_WARN_OBJC_IMPLICIT_RETAIN_SELF = YES;
				CLANG_WARN_OBJC_LITERAL_CONVERSION = YES;
				CLANG_WARN_OBJC_ROOT_CLASS = YES_ERROR;
				CLANG_WARN_QUOTED_INCLUDE_IN_FRAMEWORK_HEADER = YES;
				CLANG_WARN_RANGE_LOOP_ANALYSIS = YES;
				CLANG_WARN_STRICT_PROTOTYPES = YES;
				CLANG_WARN_SUSPICIOUS_MOVE = YES;
				CLANG_WARN_UNGUARDED_AVAILABILITY = YES_AGGRESSIVE;
				CLANG_WARN_UNREACHABLE_CODE = YES;
				CLANG_WARN__DUPLICATE_METHOD_MATCH = YES;
				COPY_PHASE_STRIP = NO;
				DEBUG_INFORMATION_FORMAT = dwarf;
				ENABLE_STRICT_OBJC_MSGSEND = YES;
				ENABLE_TESTABILITY = YES;
				ENABLE_USER_SCRIPT_SANDBOXING = YES;
				GCC_C_LANGUAGE_STANDARD = gnu17;
				GCC_DYNAMIC_NO_PIC = NO;
				GCC_NO_COMMON_BLOCKS = YES;
				GCC_OPTIMIZATION_LEVEL = 0;
				GCC_PREPROCESSOR_DEFINITIONS = (
					"DEBUG=1",
					"$(inherited)",
				);
				GCC_WARN_64_TO_32_BIT_CONVERSION = YES;
				GCC_WARN_ABOUT_RETURN_TYPE = YES_ERROR;
				GCC_WARN_UNDECLARED_SELECTOR = YES;
				GCC_WARN_UNINITIALIZED_AUTOS = YES_AGGRESSIVE;
				GCC_WARN_UNUSED_FUNCTION = YES;
				GCC_WARN_UNUSED_VARIABLE = YES;
				IPHONEOS_DEPLOYMENT_TARGET = 17.0;
				LOCALIZATION_PREFERS_STRING_CATALOGS = YES;
				MTL_ENABLE_DEBUG_INFO = INCLUDE_SOURCE;
				MTL_FAST_MATH = YES;
				ONLY_ACTIVE_ARCH = YES;
				SDKROOT = iphoneos;
				SWIFT_ACTIVE_COMPILATION_CONDITIONS = "DEBUG $(inherited)";
				SWIFT_OPTIMIZATION_LEVEL = "-Onone";
			};
			name = Debug;
		};
		I02 /* Release */ = {
			isa = XCBuildConfiguration;
			buildSettings = {
				ALWAYS_SEARCH_USER_PATHS = NO;
				ASSETCATALOG_COMPILER_GENERATE_SWIFT_ASSET_SYMBOL_EXTENSIONS = YES;
				CLANG_ANALYZER_NONNULL = YES;
				CLANG_ANALYZER_NUMBER_OBJECT_CONVERSION = YES_AGGRESSIVE;
				CLANG_CXX_LANGUAGE_STANDARD = "gnu++20";
				CLANG_ENABLE_MODULES = YES;
				CLANG_ENABLE_OBJC_ARC = YES;
				CLANG_ENABLE_OBJC_WEAK = YES;
				CLANG_WARN_BLOCK_CAPTURE_AUTORELEASING = YES;
				CLANG_WARN_BOOL_CONVERSION = YES;
				CLANG_WARN_COMMA = YES;
				CLANG_WARN_CONSTANT_CONVERSION = YES;
				CLANG_WARN_DEPRECATED_OBJC_IMPLEMENTATIONS = YES;
				CLANG_WARN_DIRECT_OBJC_ISA_USAGE = YES_ERROR;
				CLANG_WARN_DOCUMENTATION_COMMENTS = YES;
				CLANG_WARN_EMPTY_BODY = YES;
				CLANG_WARN_ENUM_CONVERSION = YES;
				CLANG_WARN_INFINITE_RECURSION = YES;
				CLANG_WARN_INT_CONVERSION = YES;
				CLANG_WARN_NON_LITERAL_NULL_CONVERSION = YES;
				CLANG_WARN_OBJC_IMPLICIT_RETAIN_SELF = YES;
				CLANG_WARN_OBJC_LITERAL_CONVERSION = YES;
				CLANG_WARN_OBJC_ROOT_CLASS = YES_ERROR;
				CLANG_WARN_QUOTED_INCLUDE_IN_FRAMEWORK_HEADER = YES;
				CLANG_WARN_RANGE_LOOP_ANALYSIS = YES;
				CLANG_WARN_STRICT_PROTOTYPES = YES;
				CLANG_WARN_SUSPICIOUS_MOVE = YES;
				CLANG_WARN_UNGUARDED_AVAILABILITY = YES_AGGRESSIVE;
				CLANG_WARN_UNREACHABLE_CODE = YES;
				CLANG_WARN__DUPLICATE_METHOD_MATCH = YES;
				COPY_PHASE_STRIP = NO;
				DEBUG_INFORMATION_FORMAT = "dwarf-with-dsym";
				ENABLE_NS_ASSERTIONS = NO;
				ENABLE_STRICT_OBJC_MSGSEND = YES;
				ENABLE_USER_SCRIPT_SANDBOXING = YES;
				GCC_C_LANGUAGE_STANDARD = gnu17;
				GCC_NO_COMMON_BLOCKS = YES;
				GCC_WARN_64_TO_32_BIT_CONVERSION = YES;
				GCC_WARN_ABOUT_RETURN_TYPE = YES_ERROR;
				GCC_WARN_UNDECLARED_SELECTOR = YES;
				GCC_WARN_UNINITIALIZED_AUTOS = YES_AGGRESSIVE;
				GCC_WARN_UNUSED_FUNCTION = YES;
				GCC_WARN_UNUSED_VARIABLE = YES;
				IPHONEOS_DEPLOYMENT_TARGET = 17.0;
				LOCALIZATION_PREFERS_STRING_CATALOGS = YES;
				MTL_ENABLE_DEBUG_INFO = NO;
				MTL_FAST_MATH = YES;
				SDKROOT = iphoneos;
				SWIFT_COMPILATION_MODE = wholemodule;
				VALIDATE_PRODUCT = YES;
			};
			name = Release;
		};
		J01 /* Debug */ = {
			isa = XCBuildConfiguration;
			buildSettings = {
				ASSETCATALOG_COMPILER_APPICON_NAME = AppIcon;
				ASSETCATALOG_COMPILER_GLOBAL_ACCENT_COLOR_NAME = AccentColor;
				CODE_SIGN_STYLE = Automatic;
				CURRENT_PROJECT_VERSION = 1;
				DEVELOPMENT_TEAM = "";
				ENABLE_PREVIEWS = YES;
				GENERATE_INFOPLIST_FILE = YES;
				INFOPLIST_KEY_UIApplicationSceneManifest_Generation = YES;
				INFOPLIST_KEY_UIApplicationSupportsIndirectInputEvents = YES;
				INFOPLIST_KEY_UILaunchScreen_Generation = YES;
				INFOPLIST_KEY_UISupportedInterfaceOrientations_iPad = "UIInterfaceOrientationPortrait UIInterfaceOrientationPortraitUpsideDown UIInterfaceOrientationLandscapeLeft UIInterfaceOrientationLandscapeRight";
				INFOPLIST_KEY_UISupportedInterfaceOrientations_iPhone = "UIInterfaceOrientationPortrait UIInterfaceOrientationLandscapeLeft UIInterfaceOrientationLandscapeRight";
				LD_RUNPATH_SEARCH_PATHS = (
					"$(inherited)",
					"@executable_path/Frameworks",
				);
				MARKETING_VERSION = 1.0;
				PRODUCT_BUNDLE_IDENTIFIER = com.timesleft.app;
				PRODUCT_NAME = "$(TARGET_NAME)";
				SWIFT_EMIT_LOC_STRINGS = YES;
				SWIFT_VERSION = 5.0;
				TARGETED_DEVICE_FAMILY = "1,2";
			};
			name = Debug;
		};
		J02 /* Release */ = {
			isa = XCBuildConfiguration;
			buildSettings = {
				ASSETCATALOG_COMPILER_APPICON_NAME = AppIcon;
				ASSETCATALOG_COMPILER_GLOBAL_ACCENT_COLOR_NAME = AccentColor;
				CODE_SIGN_STYLE = Automatic;
				CURRENT_PROJECT_VERSION = 1;
				DEVELOPMENT_TEAM = "";
				ENABLE_PREVIEWS = YES;
				GENERATE_INFOPLIST_FILE = YES;
				INFOPLIST_KEY_UIApplicationSceneManifest_Generation = YES;
				INFOPLIST_KEY_UIApplicationSupportsIndirectInputEvents = YES;
				INFOPLIST_KEY_UILaunchScreen_Generation = YES;
				INFOPLIST_KEY_UISupportedInterfaceOrientations_iPad = "UIInterfaceOrientationPortrait UIInterfaceOrientationPortraitUpsideDown UIInterfaceOrientationLandscapeLeft UIInterfaceOrientationLandscapeRight";
				INFOPLIST_KEY_UISupportedInterfaceOrientations_iPhone = "UIInterfaceOrientationPortrait UIInterfaceOrientationLandscapeLeft UIInterfaceOrientationLandscapeRight";
				LD_RUNPATH_SEARCH_PATHS = (
					"$(inherited)",
					"@executable_path/Frameworks",
				);
				MARKETING_VERSION = 1.0;
				PRODUCT_BUNDLE_IDENTIFIER = com.timesleft.app;
				PRODUCT_NAME = "$(TARGET_NAME)";
				SWIFT_EMIT_LOC_STRINGS = YES;
				SWIFT_VERSION = 5.0;
				TARGETED_DEVICE_FAMILY = "1,2";
			};
			name = Release;
		};
/* End XCBuildConfiguration section */

/* Begin XCConfigurationList section */
		H02 /* Build configuration list for PBXProject "TimesLeft" */ = {
			isa = XCConfigurationList;
			buildConfigurations = (
				I01 /* Debug */,
				I02 /* Release */,
			);
			defaultConfigurationIsVisible = 0;
			defaultConfigurationName = Release;
		};
		G01 /* Build configuration list for PBXNativeTarget "TimesLeft" */ = {
			isa = XCConfigurationList;
			buildConfigurations = (
				J01 /* Debug */,
				J02 /* Release */,
			);
			defaultConfigurationIsVisible = 0;
			defaultConfigurationName = Release;
		};
/* End XCConfigurationList section */
	};
	rootObject = H01 /* Project object */;
}
